
Microsoft Visual Studio Solution File, Format Version 12.00
# Visual Studio 15
VisualStudioVersion = 15.0.28307.1082
MinimumVisualStudioVersion = 10.0.40219.1
Project("{FAE04EC0-301F-11D3-BF4B-00C04F79EFBC}") = "Decopack.Web", "Decopack.Web\Decopack.Web.csproj", "{7FF56D67-B493-4AEB-8412-FD4382380DE9}"
EndProject
Project("{2150E333-8FDC-42A3-9474-1A3956D46DE8}") = "Presentation", "Presentation", "{429798FA-F013-48B9-8177-2CA06DF4C28E}"
EndProject
Project("{FAE04EC0-301F-11D3-BF4B-00C04F79EFBC}") = "Decopack.Process", "Decopack.Process\Decopack.Process.csproj", "{DA47DD02-DC1A-4D59-82B2-7A9435B9552C}"
EndProject
Project("{2150E333-8FDC-42A3-9474-1A3956D46DE8}") = "Data", "Data", "{6F6EDD0B-2C94-4C24-AB72-8998AE73B733}"
EndProject
Project("{2150E333-8FDC-42A3-9474-1A3956D46DE8}") = "Business", "Business", "{4764060C-54AE-453E-8CEE-7D189D8BCF10}"
EndProject
Project("{2150E333-8FDC-42A3-9474-1A3956D46DE8}") = "Hosts", "Hosts", "{637C3257-0B30-485B-990A-6BB9C2876857}"
EndProject
Project("{2150E333-8FDC-42A3-9474-1A3956D46DE8}") = "Services", "Services", "{CA0C1FF2-768E-4CC6-8B89-297C202F7333}"
EndProject
Project("{2150E333-8FDC-42A3-9474-1A3956D46DE8}") = "Shared", "Shared", "{507644C7-8B70-48A9-8FB2-89AEA8E9B72E}"
EndProject
Project("{FAE04EC0-301F-11D3-BF4B-00C04F79EFBC}") = "Decopack.BLL", "Decopack.BLL\Decopack.BLL.csproj", "{9A13DB57-3D23-4B0B-B528-E24FCD446F82}"
EndProject
Project("{FAE04EC0-301F-11D3-BF4B-00C04F79EFBC}") = "Decopack.Services", "Decopack.Services\Decopack.Services.csproj", "{CA744499-D434-42C4-972E-0B3D67968DF2}"
EndProject
Project("{FAE04EC0-301F-11D3-BF4B-00C04F79EFBC}") = "Decopack.Services.Contracts", "Decopack.Services.Contracts\Decopack.Services.Contracts.csproj", "{64F6E8CD-DFCA-4F94-930E-5A34BD294669}"
EndProject
Project("{FAE04EC0-301F-11D3-BF4B-00C04F79EFBC}") = "Decopack.Services.Http", "Decopack.Services.Http\Decopack.Services.Http.csproj", "{F71FA388-59E0-4EE9-9945-72B149DCA8CE}"
EndProject
Project("{FAE04EC0-301F-11D3-BF4B-00C04F79EFBC}") = "Decopack.EE", "Decopack.EE\Decopack.EE.csproj", "{F5DF9B8F-BF81-4835-A481-618424700815}"
EndProject
Project("{FAE04EC0-301F-11D3-BF4B-00C04F79EFBC}") = "Decopack.IoC", "Decopack.IoC\Decopack.IoC.csproj", "{D8BEE8DD-9054-4EAA-8B06-A9BC36527969}"
EndProject
Project("{FAE04EC0-301F-11D3-BF4B-00C04F79EFBC}") = "Decopack.Framework", "Decopack.Framework\Decopack.Framework.csproj", "{080BD10B-B1CF-47F4-90F7-AEB8319E6444}"
EndProject
Project("{FAE04EC0-301F-11D3-BF4B-00C04F79EFBC}") = "Decopack.DAL", "Decopack.DAL\Decopack.DAL.csproj", "{096E6C3B-5B31-4F72-A653-2CA205D2FCC3}"
EndProject
Project("{FAE04EC0-301F-11D3-BF4B-00C04F79EFBC}") = "Decopack.Servicios", "Decopack.Servicios\Decopack.Servicios.csproj", "{EBA34223-0DE2-457C-9A1B-9B5EBFB98C22}"
EndProject
Project("{FAE04EC0-301F-11D3-BF4B-00C04F79EFBC}") = "Decopack.Host.Web", "Decopack.Host.Web\Decopack.Host.Web.csproj", "{0F36954A-4A27-4AC5-8518-56EEA415C332}"
EndProject
Global
	GlobalSection(SolutionConfigurationPlatforms) = preSolution
		Debug|Any CPU = Debug|Any CPU
		Release|Any CPU = Release|Any CPU
	EndGlobalSection
	GlobalSection(ProjectConfigurationPlatforms) = postSolution
		{7FF56D67-B493-4AEB-8412-FD4382380DE9}.Debug|Any CPU.ActiveCfg = Debug|Any CPU
		{7FF56D67-B493-4AEB-8412-FD4382380DE9}.Debug|Any CPU.Build.0 = Debug|Any CPU
		{7FF56D67-B493-4AEB-8412-FD4382380DE9}.Release|Any CPU.ActiveCfg = Release|Any CPU
		{7FF56D67-B493-4AEB-8412-FD4382380DE9}.Release|Any CPU.Build.0 = Release|Any CPU
		{DA47DD02-DC1A-4D59-82B2-7A9435B9552C}.Debug|Any CPU.ActiveCfg = Debug|Any CPU
		{DA47DD02-DC1A-4D59-82B2-7A9435B9552C}.Debug|Any CPU.Build.0 = Debug|Any CPU
		{DA47DD02-DC1A-4D59-82B2-7A9435B9552C}.Release|Any CPU.ActiveCfg = Release|Any CPU
		{DA47DD02-DC1A-4D59-82B2-7A9435B9552C}.Release|Any CPU.Build.0 = Release|Any CPU
		{9A13DB57-3D23-4B0B-B528-E24FCD446F82}.Debug|Any CPU.ActiveCfg = Debug|Any CPU
		{9A13DB57-3D23-4B0B-B528-E24FCD446F82}.Debug|Any CPU.Build.0 = Debug|Any CPU
		{9A13DB57-3D23-4B0B-B528-E24FCD446F82}.Release|Any CPU.ActiveCfg = Release|Any CPU
		{9A13DB57-3D23-4B0B-B528-E24FCD446F82}.Release|Any CPU.Build.0 = Release|Any CPU
		{CA744499-D434-42C4-972E-0B3D67968DF2}.Debug|Any CPU.ActiveCfg = Debug|Any CPU
		{CA744499-D434-42C4-972E-0B3D67968DF2}.Debug|Any CPU.Build.0 = Debug|Any CPU
		{CA744499-D434-42C4-972E-0B3D67968DF2}.Release|Any CPU.ActiveCfg = Release|Any CPU
		{CA744499-D434-42C4-972E-0B3D67968DF2}.Release|Any CPU.Build.0 = Release|Any CPU
		{64F6E8CD-DFCA-4F94-930E-5A34BD294669}.Debug|Any CPU.ActiveCfg = Debug|Any CPU
		{64F6E8CD-DFCA-4F94-930E-5A34BD294669}.Debug|Any CPU.Build.0 = Debug|Any CPU
		{64F6E8CD-DFCA-4F94-930E-5A34BD294669}.Release|Any CPU.ActiveCfg = Release|Any CPU
		{64F6E8CD-DFCA-4F94-930E-5A34BD294669}.Release|Any CPU.Build.0 = Release|Any CPU
		{F71FA388-59E0-4EE9-9945-72B149DCA8CE}.Debug|Any CPU.ActiveCfg = Debug|Any CPU
		{F71FA388-59E0-4EE9-9945-72B149DCA8CE}.Debug|Any CPU.Build.0 = Debug|Any CPU
		{F71FA388-59E0-4EE9-9945-72B149DCA8CE}.Release|Any CPU.ActiveCfg = Release|Any CPU
		{F71FA388-59E0-4EE9-9945-72B149DCA8CE}.Release|Any CPU.Build.0 = Release|Any CPU
		{F5DF9B8F-BF81-4835-A481-618424700815}.Debug|Any CPU.ActiveCfg = Debug|Any CPU
		{F5DF9B8F-BF81-4835-A481-618424700815}.Debug|Any CPU.Build.0 = Debug|Any CPU
		{F5DF9B8F-BF81-4835-A481-618424700815}.Release|Any CPU.ActiveCfg = Release|Any CPU
		{F5DF9B8F-BF81-4835-A481-618424700815}.Release|Any CPU.Build.0 = Release|Any CPU
		{D8BEE8DD-9054-4EAA-8B06-A9BC36527969}.Debug|Any CPU.ActiveCfg = Debug|Any CPU
		{D8BEE8DD-9054-4EAA-8B06-A9BC36527969}.Debug|Any CPU.Build.0 = Debug|Any CPU
		{D8BEE8DD-9054-4EAA-8B06-A9BC36527969}.Release|Any CPU.ActiveCfg = Release|Any CPU
		{D8BEE8DD-9054-4EAA-8B06-A9BC36527969}.Release|Any CPU.Build.0 = Release|Any CPU
		{080BD10B-B1CF-47F4-90F7-AEB8319E6444}.Debug|Any CPU.ActiveCfg = Debug|Any CPU
		{080BD10B-B1CF-47F4-90F7-AEB8319E6444}.Debug|Any CPU.Build.0 = Debug|Any CPU
		{080BD10B-B1CF-47F4-90F7-AEB8319E6444}.Release|Any CPU.ActiveCfg = Release|Any CPU
		{080BD10B-B1CF-47F4-90F7-AEB8319E6444}.Release|Any CPU.Build.0 = Release|Any CPU
		{096E6C3B-5B31-4F72-A653-2CA205D2FCC3}.Debug|Any CPU.ActiveCfg = Debug|Any CPU
		{096E6C3B-5B31-4F72-A653-2CA205D2FCC3}.Debug|Any CPU.Build.0 = Debug|Any CPU
		{096E6C3B-5B31-4F72-A653-2CA205D2FCC3}.Release|Any CPU.ActiveCfg = Release|Any CPU
		{096E6C3B-5B31-4F72-A653-2CA205D2FCC3}.Release|Any CPU.Build.0 = Release|Any CPU
		{EBA34223-0DE2-457C-9A1B-9B5EBFB98C22}.Debug|Any CPU.ActiveCfg = Debug|Any CPU
		{EBA34223-0DE2-457C-9A1B-9B5EBFB98C22}.Debug|Any CPU.Build.0 = Debug|Any CPU
		{EBA34223-0DE2-457C-9A1B-9B5EBFB98C22}.Release|Any CPU.ActiveCfg = Release|Any CPU
		{EBA34223-0DE2-457C-9A1B-9B5EBFB98C22}.Release|Any CPU.Build.0 = Release|Any CPU
		{0F36954A-4A27-4AC5-8518-56EEA415C332}.Debug|Any CPU.ActiveCfg = Debug|Any CPU
		{0F36954A-4A27-4AC5-8518-56EEA415C332}.Debug|Any CPU.Build.0 = Debug|Any CPU
		{0F36954A-4A27-4AC5-8518-56EEA415C332}.Release|Any CPU.ActiveCfg = Release|Any CPU
		{0F36954A-4A27-4AC5-8518-56EEA415C332}.Release|Any CPU.Build.0 = Release|Any CPU
	EndGlobalSection
	GlobalSection(SolutionProperties) = preSolution
		HideSolutionNode = FALSE
	EndGlobalSection
	GlobalSection(NestedProjects) = preSolution
		{7FF56D67-B493-4AEB-8412-FD4382380DE9} = {429798FA-F013-48B9-8177-2CA06DF4C28E}
		{DA47DD02-DC1A-4D59-82B2-7A9435B9552C} = {429798FA-F013-48B9-8177-2CA06DF4C28E}
		{9A13DB57-3D23-4B0B-B528-E24FCD446F82} = {4764060C-54AE-453E-8CEE-7D189D8BCF10}
		{CA744499-D434-42C4-972E-0B3D67968DF2} = {CA0C1FF2-768E-4CC6-8B89-297C202F7333}
		{64F6E8CD-DFCA-4F94-930E-5A34BD294669} = {CA0C1FF2-768E-4CC6-8B89-297C202F7333}
		{F71FA388-59E0-4EE9-9945-72B149DCA8CE} = {CA0C1FF2-768E-4CC6-8B89-297C202F7333}
		{F5DF9B8F-BF81-4835-A481-618424700815} = {507644C7-8B70-48A9-8FB2-89AEA8E9B72E}
		{D8BEE8DD-9054-4EAA-8B06-A9BC36527969} = {507644C7-8B70-48A9-8FB2-89AEA8E9B72E}
		{080BD10B-B1CF-47F4-90F7-AEB8319E6444} = {507644C7-8B70-48A9-8FB2-89AEA8E9B72E}
		{096E6C3B-5B31-4F72-A653-2CA205D2FCC3} = {6F6EDD0B-2C94-4C24-AB72-8998AE73B733}
		{EBA34223-0DE2-457C-9A1B-9B5EBFB98C22} = {507644C7-8B70-48A9-8FB2-89AEA8E9B72E}
		{0F36954A-4A27-4AC5-8518-56EEA415C332} = {637C3257-0B30-485B-990A-6BB9C2876857}
	EndGlobalSection
	GlobalSection(ExtensibilityGlobals) = postSolution
		SolutionGuid = {A766478F-A595-4359-AB75-F760CE0A5BA3}
		EnterpriseLibraryConfigurationToolBinariesPathV6 = packages\EnterpriseLibrary.Common.6.0.1304.0\lib\NET45;packages\EnterpriseLibrary.Data.6.0.1304.0\lib\NET45
	EndGlobalSection
EndGlobal
